{
  "originHash" : "cd1511843fc925b27e3b367dc5fab3622ceb521127bf99da7790c832eb46e9df",
  "pins" : [
    {
      "identity" : "swift-syntax",
      "kind" : "remoteSourceControl",
      "location" : "https://github.com/swiftlang/swift-syntax.git",
      "state" : {
        "revision" : "4799286537280063c85a32f09884cfbca301b1a1",
        "version" : "602.0.0"
      }
    },
    {
      "identity" : "swiftyruntime",
      "kind" : "remoteSourceControl",
      "location" : "https://github.com/Helixform/SwiftyRuntime.git",
      "state" : {
        "revision" : "7a66b68f11111b4647fbe32efb3bb802f6bdc527",
        "version" : "1.0.0"
      }
    }
  ],
  "version" : 3
}
